// !$*UTF8*$!
{
	archiveVersion = 1;
	classes = {
	};
	objectVersion = 46;
	objects = {

/* Begin PBXBuildFile section */
		7E247C621ED93B70006DDE94 /* main.m in Sources */ = {isa = PBXBuildFile; fileRef = 7E247C611ED93B70006DDE94 /* main.m */; };
		7E247C651ED93B70006DDE94 /* AppDelegate.m in Sources */ = {isa = PBXBuildFile; fileRef = 7E247C641ED93B70006DDE94 /* AppDelegate.m */; };
		7E247C681ED93B70006DDE94 /* ViewController.m in Sources */ = {isa = PBXBuildFile; fileRef = 7E247C671ED93B70006DDE94 /* ViewController.m */; };
		7E247C6B1ED93B70006DDE94 /* Main.storyboard in Resources */ = {isa = PBXBuildFile; fileRef = 7E247C691ED93B70006DDE94 /* Main.storyboard */; };
		7E247C6D1ED93B70006DDE94 /* Assets.xcassets in Resources */ = {isa = PBXBuildFile; fileRef = 7E247C6C1ED93B70006DDE94 /* Assets.xcassets */; };
		7E247C701ED93B70006DDE94 /* LaunchScreen.storyboard in Resources */ = {isa = PBXBuildFile; fileRef = 7E247C6E1ED93B70006DDE94 /* LaunchScreen.storyboard */; };
		7E247C7B1ED93B71006DDE94 /* test______Tests.m in Sources */ = {isa = PBXBuildFile; fileRef = 7E247C7A1ED93B71006DDE94 /* test______Tests.m */; };
		7E247C861ED93B71006DDE94 /* test______UITests.m in Sources */ = {isa = PBXBuildFile; fileRef = 7E247C851ED93B71006DDE94 /* test______UITests.m */; };
/* End PBXBuildFile section */

/* Begin PBXContainerItemProxy section */
		7E247C771ED93B71006DDE94 /* PBXContainerItemProxy */ = {
			isa = PBXContainerItemProxy;
			containerPortal = 7E247C551ED93B70006DDE94 /* Project object */;
			proxyType = 1;
			remoteGlobalIDString = 7E247C5C1ED93B70006DDE94;
			remoteInfo = "test一些调试东西";
		};
		7E247C821ED93B71006DDE94 /* PBXContainerItemProxy */ = {
			isa = PBXContainerItemProxy;
			containerPortal = 7E247C551ED93B70006DDE94 /* Project object */;
			proxyType = 1;
			remoteGlobalIDString = 7E247C5C1ED93B70006DDE94;
			remoteInfo = "test一些调试东西";
		};
/* End PBXContainerItemProxy section */

/* Begin PBXFileReference section */
		7E247C5D1ED93B70006DDE94 /* test一些调试东西.app */ = {isa = PBXFileReference; explicitFileType = wrapper.application; includeInIndex = 0; path = "test一些调试东西.app"; sourceTree = BUILT_PRODUCTS_DIR; };
		7E247C611ED93B70006DDE94 /* main.m */ = {isa = PBXFileReference; lastKnownFileType = sourcecode.c.objc; path = main.m; sourceTree = "<group>"; };
		7E247C631ED93B70006DDE94 /* AppDelegate.h */ = {isa = PBXFileReference; lastKnownFileType = sourcecode.c.h; path = AppDelegate.h; sourceTree = "<group>"; };
		7E247C641ED93B70006DDE94 /* AppDelegate.m */ = {isa = PBXFileReference; lastKnownFileType = sourcecode.c.objc; path = AppDelegate.m; sourceTree = "<group>"; };
		7E247C661ED93B70006DDE94 /* ViewController.h */ = {isa = PBXFileReference; lastKnownFileType = sourcecode.c.h; path = ViewController.h; sourceTree = "<group>"; };
		7E247C671ED93B70006DDE94 /* ViewController.m */ = {isa = PBXFileReference; lastKnownFileType = sourcecode.c.objc; path = ViewController.m; sourceTree = "<group>"; };
		7E247C6A1ED93B70006DDE94 /* Base */ = {isa = PBXFileReference; lastKnownFileType = file.storyboard; name = Base; path = Base.lproj/Main.storyboard; sourceTree = "<group>"; };
		7E247C6C1ED93B70006DDE94 /* Assets.xcassets */ = {isa = PBXFileReference; lastKnownFileType = folder.assetcatalog; path = Assets.xcassets; sourceTree = "<group>"; };
		7E247C6F1ED93B70006DDE94 /* Base */ = {isa = PBXFileReference; lastKnownFileType = file.storyboard; name = Base; path = Base.lproj/LaunchScreen.storyboard; sourceTree = "<group>"; };
		7E247C711ED93B70006DDE94 /* Info.plist */ = {isa = PBXFileReference; lastKnownFileType = text.plist.xml; path = Info.plist; sourceTree = "<group>"; };
		7E247C761ED93B71006DDE94 /* test一些调试东西Tests.xctest */ = {isa = PBXFileReference; explicitFileType = wrapper.cfbundle; includeInIndex = 0; path = "test一些调试东西Tests.xctest"; sourceTree = BUILT_PRODUCTS_DIR; };
		7E247C7A1ED93B71006DDE94 /* test______Tests.m */ = {isa = PBXFileReference; lastKnownFileType = sourcecode.c.objc; path = "test______Tests.m"; sourceTree = "<group>"; };
		7E247C7C1ED93B71006DDE94 /* Info.plist */ = {isa = PBXFileReference; lastKnownFileType = text.plist.xml; path = Info.plist; sourceTree = "<group>"; };
		7E247C811ED93B71006DDE94 /* test一些调试东西UITests.xctest */ = {isa = PBXFileReference; explicitFileType = wrapper.cfbundle; includeInIndex = 0; path = "test一些调试东西UITests.xctest"; sourceTree = BUILT_PRODUCTS_DIR; };
		7E247C851ED93B71006DDE94 /* test______UITests.m */ = {isa = PBXFileReference; lastKnownFileType = sourcecode.c.objc; path = "test______UITests.m"; sourceTree = "<group>"; };
		7E247C871ED93B71006DDE94 /* Info.plist */ = {isa = PBXFileReference; lastKnownFileType = text.plist.xml; path = Info.plist; sourceTree = "<group>"; };
/* End PBXFileReference section */

/* Begin PBXFrameworksBuildPhase section */
		7E247C5A1ED93B70006DDE94 /* Frameworks */ = {
			isa = PBXFrameworksBuildPhase;
			buildActionMask = 2147483647;
			files = (
			);
			runOnlyForDeploymentPostprocessing = 0;
		};
		7E247C731ED93B71006DDE94 /* Frameworks */ = {
			isa = PBXFrameworksBuildPhase;
			buildActionMask = 2147483647;
			files = (
			);
			runOnlyForDeploymentPostprocessing = 0;
		};
		7E247C7E1ED93B71006DDE94 /* Frameworks */ = {
			isa = PBXFrameworksBuildPhase;
			buildActionMask = 2147483647;
			files = (
			);
			runOnlyForDeploymentPostprocessing = 0;
		};
/* End PBXFrameworksBuildPhase section */

/* Begin PBXGroup section */
		7E247C541ED93B70006DDE94 = {
			isa = PBXGroup;
			children = (
				7E247C5F1ED93B70006DDE94 /* test一些调试东西 */,
				7E247C791ED93B71006DDE94 /* test一些调试东西Tests */,
				7E247C841ED93B71006DDE94 /* test一些调试东西UITests */,
				7E247C5E1ED93B70006DDE94 /* Products */,
			);
			sourceTree = "<group>";
		};
		7E247C5E1ED93B70006DDE94 /* Products */ = {
			isa = PBXGroup;
			children = (
				7E247C5D1ED93B70006DDE94 /* test一些调试东西.app */,
				7E247C761ED93B71006DDE94 /* test一些调试东西Tests.xctest */,
				7E247C811ED93B71006DDE94 /* test一些调试东西UITests.xctest */,
			);
			name = Products;
			sourceTree = "<group>";
		};
		7E247C5F1ED93B70006DDE94 /* test一些调试东西 */ = {
			isa = PBXGroup;
			children = (
				7E247C631ED93B70006DDE94 /* AppDelegate.h */,
				7E247C641ED93B70006DDE94 /* AppDelegate.m */,
				7E247C661ED93B70006DDE94 /* ViewController.h */,
				7E247C671ED93B70006DDE94 /* ViewController.m */,
				7E247C691ED93B70006DDE94 /* Main.storyboard */,
				7E247C6C1ED93B70006DDE94 /* Assets.xcassets */,
				7E247C6E1ED93B70006DDE94 /* LaunchScreen.storyboard */,
				7E247C711ED93B70006DDE94 /* Info.plist */,
				7E247C601ED93B70006DDE94 /* Supporting Files */,
			);
			path = "test一些调试东西";
			sourceTree = "<group>";
		};
		7E247C601ED93B70006DDE94 /* Supporting Files */ = {
			isa = PBXGroup;
			children = (
				7E247C611ED93B70006DDE94 /* main.m */,
			);
			name = "Supporting Files";
			sourceTree = "<group>";
		};
		7E247C791ED93B71006DDE94 /* test一些调试东西Tests */ = {
			isa = PBXGroup;
			children = (
				7E247C7A1ED93B71006DDE94 /* test______Tests.m */,
				7E247C7C1ED93B71006DDE94 /* Info.plist */,
			);
			path = "test一些调试东西Tests";
			sourceTree = "<group>";
		};
		7E247C841ED93B71006DDE94 /* test一些调试东西UITests */ = {
			isa = PBXGroup;
			children = (
				7E247C851ED93B71006DDE94 /* test______UITests.m */,
				7E247C871ED93B71006DDE94 /* Info.plist */,
			);
			path = "test一些调试东西UITests";
			sourceTree = "<group>";
		};
/* End PBXGroup section */

/* Begin PBXNativeTarget section */
		7E247C5C1ED93B70006DDE94 /* test一些调试东西 */ = {
			isa = PBXNativeTarget;
			buildConfigurationList = 7E247C8A1ED93B71006DDE94 /* Build configuration list for PBXNativeTarget "test一些调试东西" */;
			buildPhases = (
				7E247C591ED93B70006DDE94 /* Sources */,
				7E247C5A1ED93B70006DDE94 /* Frameworks */,
				7E247C5B1ED93B70006DDE94 /* Resources */,
			);
			buildRules = (
			);
			dependencies = (
			);
			name = "test一些调试东西";
			productName = "test一些调试东西";
			productReference = 7E247C5D1ED93B70006DDE94 /* test一些调试东西.app */;
			productType = "com.apple.product-type.application";
		};
		7E247C751ED93B71006DDE94 /* test一些调试东西Tests */ = {
			isa = PBXNativeTarget;
			buildConfigurationList = 7E247C8D1ED93B71006DDE94 /* Build configuration list for PBXNativeTarget "test一些调试东西Tests" */;
			buildPhases = (
				7E247C721ED93B71006DDE94 /* Sources */,
				7E247C731ED93B71006DDE94 /* Frameworks */,
				7E247C741ED93B71006DDE94 /* Resources */,
			);
			buildRules = (
			);
			dependencies = (
				7E247C781ED93B71006DDE94 /* PBXTargetDependency */,
			);
			name = "test一些调试东西Tests";
			productName = "test一些调试东西Tests";
			productReference = 7E247C761ED93B71006DDE94 /* test一些调试东西Tests.xctest */;
			productType = "com.apple.product-type.bundle.unit-test";
		};
		7E247C801ED93B71006DDE94 /* test一些调试东西UITests */ = {
			isa = PBXNativeTarget;
			buildConfigurationList = 7E247C901ED93B71006DDE94 /* Build configuration list for PBXNativeTarget "test一些调试东西UITests" */;
			buildPhases = (
				7E247C7D1ED93B71006DDE94 /* Sources */,
				7E247C7E1ED93B71006DDE94 /* Frameworks */,
				7E247C7F1ED93B71006DDE94 /* Resources */,
			);
			buildRules = (
			);
			dependencies = (
				7E247C831ED93B71006DDE94 /* PBXTargetDependency */,
			);
			name = "test一些调试东西UITests";
			productName = "test一些调试东西UITests";
			productReference = 7E247C811ED93B71006DDE94 /* test一些调试东西UITests.xctest */;
			productType = "com.apple.product-type.bundle.ui-testing";
		};
/* End PBXNativeTarget section */

/* Begin PBXProject section */
		7E247C551ED93B70006DDE94 /* Project object */ = {
			isa = PBXProject;
			attributes = {
				LastUpgradeCheck = 0830;
				ORGANIZATIONNAME = qwkj;
				TargetAttributes = {
					7E247C5C1ED93B70006DDE94 = {
						CreatedOnToolsVersion = 8.3.2;
						DevelopmentTeam = DXY592L98C;
						ProvisioningStyle = Automatic;
					};
					7E247C751ED93B71006DDE94 = {
						CreatedOnToolsVersion = 8.3.2;
						DevelopmentTeam = DXY592L98C;
						ProvisioningStyle = Automatic;
						TestTargetID = 7E247C5C1ED93B70006DDE94;
					};
					7E247C801ED93B71006DDE94 = {
						CreatedOnToolsVersion = 8.3.2;
						DevelopmentTeam = DXY592L98C;
						ProvisioningStyle = Automatic;
						TestTargetID = 7E247C5C1ED93B70006DDE94;
					};
				};
			};
			buildConfigurationList = 7E247C581ED93B70006DDE94 /* Build configuration list for PBXProject "test一些调试东西" */;
			compatibilityVersion = "Xcode 3.2";
			developmentRegion = English;
			hasScannedForEncodings = 0;
			knownRegions = (
				en,
				Base,
			);
			mainGroup = 7E247C541ED93B70006DDE94;
			productRefGroup = 7E247C5E1ED93B70006DDE94 /* Products */;
			projectDirPath = "";
			projectRoot = "";
			targets = (
				7E247C5C1ED93B70006DDE94 /* test一些调试东西 */,
				7E247C751ED93B71006DDE94 /* test一些调试东西Tests */,
				7E247C801ED93B71006DDE94 /* test一些调试东西UITests */,
			);
		};
/* End PBXProject section */

/* Begin PBXResourcesBuildPhase section */
		7E247C5B1ED93B70006DDE94 /* Resources */ = {
			isa = PBXResourcesBuildPhase;
			buildActionMask = 2147483647;
			files = (
				7E247C701ED93B70006DDE94 /* LaunchScreen.storyboard in Resources */,
				7E247C6D1ED93B70006DDE94 /* Assets.xcassets in Resources */,
				7E247C6B1ED93B70006DDE94 /* Main.storyboard in Resources */,
			);
			runOnlyForDeploymentPostprocessing = 0;
		};
		7E247C741ED93B71006DDE94 /* Resources */ = {
			isa = PBXResourcesBuildPhase;
			buildActionMask = 2147483647;
			files = (
			);
			runOnlyForDeploymentPostprocessing = 0;
		};
		7E247C7F1ED93B71006DDE94 /* Resources */ = {
			isa = PBXResourcesBuildPhase;
			buildActionMask = 2147483647;
			files = (
			);
			runOnlyForDeploymentPostprocessing = 0;
		};
/* End PBXResourcesBuildPhase section */

/* Begin PBXSourcesBuildPhase section */
		7E247C591ED93B70006DDE94 /* Sources */ = {
			isa = PBXSourcesBuildPhase;
			buildActionMask = 2147483647;
			files = (
				7E247C681ED93B70006DDE94 /* ViewController.m in Sources */,
				7E247C651ED93B70006DDE94 /* AppDelegate.m in Sources */,
				7E247C621ED93B70006DDE94 /* main.m in Sources */,
			);
			runOnlyForDeploymentPostprocessing = 0;
		};
		7E247C721ED93B71006DDE94 /* Sources */ = {
			isa = PBXSourcesBuildPhase;
			buildActionMask = 2147483647;
			files = (
				7E247C7B1ED93B71006DDE94 /* test______Tests.m in Sources */,
			);
			runOnlyForDeploymentPostprocessing = 0;
		};
		7E247C7D1ED93B71006DDE94 /* Sources */ = {
			isa = PBXSourcesBuildPhase;
			buildActionMask = 2147483647;
			files = (
				7E247C861ED93B71006DDE94 /* test______UITests.m in Sources */,
			);
			runOnlyForDeploymentPostprocessing = 0;
		};
/* End PBXSourcesBuildPhase section */

/* Begin PBXTargetDependency section */
		7E247C781ED93B71006DDE94 /* PBXTargetDependency */ = {
			isa = PBXTargetDependency;
			target = 7E247C5C1ED93B70006DDE94 /* test一些调试东西 */;
			targetProxy = 7E247C771ED93B71006DDE94 /* PBXContainerItemProxy */;
		};
		7E247C831ED93B71006DDE94 /* PBXTargetDependency */ = {
			isa = PBXTargetDependency;
			target = 7E247C5C1ED93B70006DDE94 /* test一些调试东西 */;
			targetProxy = 7E247C821ED93B71006DDE94 /* PBXContainerItemProxy */;
		};
/* End PBXTargetDependency section */

/* Begin PBXVariantGroup section */
		7E247C691ED93B70006DDE94 /* Main.storyboard */ = {
			isa = PBXVariantGroup;
			children = (
				7E247C6A1ED93B70006DDE94 /* Base */,
			);
			name = Main.storyboard;
			sourceTree = "<group>";
		};
		7E247C6E1ED93B70006DDE94 /* LaunchScreen.storyboard */ = {
			isa = PBXVariantGroup;
			children = (
				7E247C6F1ED93B70006DDE94 /* Base */,
			);
			name = LaunchScreen.storyboard;
			sourceTree = "<group>";
		};
/* End PBXVariantGroup section */

/* Begin XCBuildConfiguration section */
		7E247C881ED93B71006DDE94 /* Debug */ = {
			isa = XCBuildConfiguration;
			buildSettings = {
				ALWAYS_SEARCH_USER_PATHS = NO;
				CLANG_ANALYZER_NONNULL = YES;
				CLANG_ANALYZER_NUMBER_OBJECT_CONVERSION = YES_AGGRESSIVE;
				CLANG_CXX_LANGUAGE_STANDARD = "gnu++0x";
				CLANG_CXX_LIBRARY = "libc++";
				CLANG_ENABLE_MODULES = YES;
				CLANG_ENABLE_OBJC_ARC = YES;
				CLANG_WARN_BOOL_CONVERSION = YES;
				CLANG_WARN_CONSTANT_CONVERSION = YES;
				CLANG_WARN_DIRECT_OBJC_ISA_USAGE = YES_ERROR;
				CLANG_WARN_DOCUMENTATION_COMMENTS = YES;
				CLANG_WARN_EMPTY_BODY = YES;
				CLANG_WARN_ENUM_CONVERSION = YES;
				CLANG_WARN_INFINITE_RECURSION = YES;
				CLANG_WARN_INT_CONVERSION = YES;
				CLANG_WARN_OBJC_ROOT_CLASS = YES_ERROR;
				CLANG_WARN_SUSPICIOUS_MOVE = YES;
				CLANG_WARN_UNREACHABLE_CODE = YES;
				CLANG_WARN__DUPLICATE_METHOD_MATCH = YES;
				"CODE_SIGN_IDENTITY[sdk=iphoneos*]" = "iPhone Developer";
				COPY_PHASE_STRIP = NO;
				DEBUG_INFORMATION_FORMAT = dwarf;
				ENABLE_STRICT_OBJC_MSGSEND = YES;
				ENABLE_TESTABILITY = YES;
				GCC_C_LANGUAGE_STANDARD = gnu99;
				GCC_DYNAMIC_NO_PIC = NO;
				GCC_NO_COMMON_BLOCKS = YES;
				GCC_OPTIMIZATION_LEVEL = 0;
				GCC_PREPROCESSOR_DEFINITIONS = (
					"DEBUG=1",
					"$(inherited)",
				);
				GCC_WARN_64_TO_32_BIT_CONVERSION = YES;
				GCC_WARN_ABOUT_RETURN_TYPE = YES_ERROR;
				GCC_WARN_UNDECLARED_SELECTOR = YES;
				GCC_WARN_UNINITIALIZED_AUTOS = YES_AGGRESSIVE;
				GCC_WARN_UNUSED_FUNCTION = YES;
				GCC_WARN_UNUSED_VARIABLE = YES;
				IPHONEOS_DEPLOYMENT_TARGET = 10.3;
				MTL_ENABLE_DEBUG_INFO = YES;
				ONLY_ACTIVE_ARCH = YES;
				SDKROOT = iphoneos;
				TARGETED_DEVICE_FAMILY = "1,2";
			};
			name = Debug;
		};
		7E247C891ED93B71006DDE94 /* Release */ = {
			isa = XCBuildConfiguration;
			buildSettings = {
				ALWAYS_SEARCH_USER_PATHS = NO;
				CLANG_ANALYZER_NONNULL = YES;
				CLANG_ANALYZER_NUMBER_OBJECT_CONVERSION = YES_AGGRESSIVE;
				CLANG_CXX_LANGUAGE_STANDARD = "gnu++0x";
				CLANG_CXX_LIBRARY = "libc++";
				CLANG_ENABLE_MODULES = YES;
				CLANG_ENABLE_OBJC_ARC = YES;
				CLANG_WARN_BOOL_CONVERSION = YES;
				CLANG_WARN_CONSTANT_CONVERSION = YES;
				CLANG_WARN_DIRECT_OBJC_ISA_USAGE = YES_ERROR;
				CLANG_WARN_DOCUMENTATION_COMMENTS = YES;
				CLANG_WARN_EMPTY_BODY = YES;
				CLANG_WARN_ENUM_CONVERSION = YES;
				CLANG_WARN_INFINITE_RECURSION = YES;
				CLANG_WARN_INT_CONVERSION = YES;
				CLANG_WARN_OBJC_ROOT_CLASS = YES_ERROR;
				CLANG_WARN_SUSPICIOUS_MOVE = YES;
				CLANG_WARN_UNREACHABLE_CODE = YES;
				CLANG_WARN__DUPLICATE_METHOD_MATCH = YES;
				"CODE_SIGN_IDENTITY[sdk=iphoneos*]" = "iPhone Developer";
				COPY_PHASE_STRIP = NO;
				DEBUG_INFORMATION_FORMAT = "dwarf-with-dsym";
				ENABLE_NS_ASSERTIONS = NO;
				ENABLE_STRICT_OBJC_MSGSEND = YES;
				GCC_C_LANGUAGE_STANDARD = gnu99;
				GCC_NO_COMMON_BLOCKS = YES;
				GCC_WARN_64_TO_32_BIT_CONVERSION = YES;
				GCC_WARN_ABOUT_RETURN_TYPE = YES_ERROR;
				GCC_WARN_UNDECLARED_SELECTOR = YES;
				GCC_WARN_UNINITIALIZED_AUTOS = YES_AGGRESSIVE;
				GCC_WARN_UNUSED_FUNCTION = YES;
				GCC_WARN_UNUSED_VARIABLE = YES;
				IPHONEOS_DEPLOYMENT_TARGET = 10.3;
				MTL_ENABLE_DEBUG_INFO = NO;
				SDKROOT = iphoneos;
				TARGETED_DEVICE_FAMILY = "1,2";
				VALIDATE_PRODUCT = YES;
			};
			name = Release;
		};
		7E247C8B1ED93B71006DDE94 /* Debug */ = {
			isa = XCBuildConfiguration;
			buildSettings = {
				ASSETCATALOG_COMPILER_APPICON_NAME = AppIcon;
				DEVELOPMENT_TEAM = DXY592L98C;
				INFOPLIST_FILE = "test一些调试东西/Info.plist";
				IPHONEOS_DEPLOYMENT_TARGET = 10.0;
				LD_RUNPATH_SEARCH_PATHS = "$(inherited) @executable_path/Frameworks";
				PRODUCT_BUNDLE_IDENTIFIER = "com.qwkj.EstateService.test------";
				PRODUCT_NAME = "$(TARGET_NAME)";
			};
			name = Debug;
		};
		7E247C8C1ED93B71006DDE94 /* Release */ = {
			isa = XCBuildConfiguration;
			buildSettings = {
				ASSETCATALOG_COMPILER_APPICON_NAME = AppIcon;
				DEVELOPMENT_TEAM = DXY592L98C;
				INFOPLIST_FILE = "test一些调试东西/Info.plist";
				IPHONEOS_DEPLOYMENT_TARGET = 10.0;
				LD_RUNPATH_SEARCH_PATHS = "$(inherited) @executable_path/Frameworks";
				PRODUCT_BUNDLE_IDENTIFIER = "com.qwkj.EstateService.test------";
				PRODUCT_NAME = "$(TARGET_NAME)";
			};
			name = Release;
		};
		7E247C8E1ED93B71006DDE94 /* Debug */ = {
			isa = XCBuildConfiguration;
			buildSettings = {
				BUNDLE_LOADER = "$(TEST_HOST)";
				DEVELOPMENT_TEAM = DXY592L98C;
				INFOPLIST_FILE = "test一些调试东西Tests/Info.plist";
				LD_RUNPATH_SEARCH_PATHS = "$(inherited) @executable_path/Frameworks @loader_path/Frameworks";
				PRODUCT_BUNDLE_IDENTIFIER = "com.qwkj.EstateService.test------Tests";
				PRODUCT_NAME = "$(TARGET_NAME)";
				TEST_HOST = "$(BUILT_PRODUCTS_DIR)/test一些调试东西.app/test一些调试东西";
			};
			name = Debug;
		};
		7E247C8F1ED93B71006DDE94 /* Release */ = {
			isa = XCBuildConfiguration;
			buildSettings = {
				BUNDLE_LOADER = "$(TEST_HOST)";
				DEVELOPMENT_TEAM = DXY592L98C;
				INFOPLIST_FILE = "test一些调试东西Tests/Info.plist";
				LD_RUNPATH_SEARCH_PATHS = "$(inherited) @executable_path/Frameworks @loader_path/Frameworks";
				PRODUCT_BUNDLE_IDENTIFIER = "com.qwkj.EstateService.test------Tests";
				PRODUCT_NAME = "$(TARGET_NAME)";
				TEST_HOST = "$(BUILT_PRODUCTS_DIR)/test一些调试东西.app/test一些调试东西";
			};
			name = Release;
		};
		7E247C911ED93B71006DDE94 /* Debug */ = {
			isa = XCBuildConfiguration;
			buildSettings = {
				DEVELOPMENT_TEAM = DXY592L98C;
				INFOPLIST_FILE = "test一些调试东西UITests/Info.plist";
				LD_RUNPATH_SEARCH_PATHS = "$(inherited) @executable_path/Frameworks @loader_path/Frameworks";
				PRODUCT_BUNDLE_IDENTIFIER = "com.qwkj.EstateService.test------UITests";
				PRODUCT_NAME = "$(TARGET_NAME)";
				TEST_TARGET_NAME = "test一些调试东西";
			};
			name = Debug;
		};
		7E247C921ED93B71006DDE94 /* Release */ = {
			isa = XCBuildConfiguration;
			buildSettings = {
				DEVELOPMENT_TEAM = DXY592L98C;
				INFOPLIST_FILE = "test一些调试东西UITests/Info.plist";
				LD_RUNPATH_SEARCH_PATHS = "$(inherited) @executable_path/Frameworks @loader_path/Frameworks";
				PRODUCT_BUNDLE_IDENTIFIER = "com.qwkj.EstateService.test------UITests";
				PRODUCT_NAME = "$(TARGET_NAME)";
				TEST_TARGET_NAME = "test一些调试东西";
			};
			name = Release;
		};
/* End XCBuildConfiguration section */

/* Begin XCConfigurationList section */
		7E247C581ED93B70006DDE94 /* Build configuration list for PBXProject "test一些调试东西" */ = {
			isa = XCConfigurationList;
			buildConfigurations = (
				7E247C881ED93B71006DDE94 /* Debug */,
				7E247C891ED93B71006DDE94 /* Release */,
			);
			defaultConfigurationIsVisible = 0;
			defaultConfigurationName = Release;
		};
		7E247C8A1ED93B71006DDE94 /* Build configuration list for PBXNativeTarget "test一些调试东西" */ = {
			isa = XCConfigurationList;
			buildConfigurations = (
				7E247C8B1ED93B71006DDE94 /* Debug */,
				7E247C8C1ED93B71006DDE94 /* Release */,
			);
			defaultConfigurationIsVisible = 0;
		};
		7E247C8D1ED93B71006DDE94 /* Build configuration list for PBXNativeTarget "test一些调试东西Tests" */ = {
			isa = XCConfigurationList;
			buildConfigurations = (
				7E247C8E1ED93B71006DDE94 /* Debug */,
				7E247C8F1ED93B71006DDE94 /* Release */,
			);
			defaultConfigurationIsVisible = 0;
		};
		7E247C901ED93B71006DDE94 /* Build configuration list for PBXNativeTarget "test一些调试东西UITests" */ = {
			isa = XCConfigurationList;
			buildConfigurations = (
				7E247C911ED93B71006DDE94 /* Debug */,
				7E247C921ED93B71006DDE94 /* Release */,
			);
			defaultConfigurationIsVisible = 0;
		};
/* End XCConfigurationList section */
	};
	rootObject = 7E247C551ED93B70006DDE94 /* Project object */;
}
